
Microsoft Visual Studio Solution File, Format Version 12.00
# Visual Studio 15
VisualStudioVersion = 15.0.28307.168
MinimumVisualStudioVersion = 10.0.40219.1
Project("{FAE04EC0-301F-11D3-BF4B-00C04F79EFBC}") = "WebApplication", "WebApplication\WebApplication.csproj", "{A5DEAA56-9193-4D12-A603-E912A38CA418}"
EndProject
Project("{FAE04EC0-301F-11D3-BF4B-00C04F79EFBC}") = "SharedLibrary", "SharedLibrary\SharedLibrary.csproj", "{31F73A15-3C58-4330-8544-71C672914608}"
EndProject
Global
	GlobalSection(SolutionConfigurationPlatforms) = preSolution
		Debug|Any CPU = Debug|Any CPU
		Release|Any CPU = Release|Any CPU
	EndGlobalSection
	GlobalSection(ProjectConfigurationPlatforms) = postSolution
		{A5DEAA56-9193-4D12-A603-E912A38CA418}.Debug|Any CPU.ActiveCfg = Debug|Any CPU
		{A5DEAA56-9193-4D12-A603-E912A38CA418}.Debug|Any CPU.Build.0 = Debug|Any CPU
		{A5DEAA56-9193-4D12-A603-E912A38CA418}.Release|Any CPU.ActiveCfg = Release|Any CPU
		{A5DEAA56-9193-4D12-A603-E912A38CA418}.Release|Any CPU.Build.0 = Release|Any CPU
		{31F73A15-3C58-4330-8544-71C672914608}.Debug|Any CPU.ActiveCfg = Debug|Any CPU
		{31F73A15-3C58-4330-8544-71C672914608}.Debug|Any CPU.Build.0 = Debug|Any CPU
		{31F73A15-3C58-4330-8544-71C672914608}.Release|Any CPU.ActiveCfg = Release|Any CPU
		{31F73A15-3C58-4330-8544-71C672914608}.Release|Any CPU.Build.0 = Release|Any CPU
	EndGlobalSection
	GlobalSection(SolutionProperties) = preSolution
		HideSolutionNode = FALSE
	EndGlobalSection
	GlobalSection(ExtensibilityGlobals) = postSolution
		SolutionGuid = {BD6B337D-6B66-4181-8FC1-F4625CB91D25}
	EndGlobalSection
EndGlobal
